<?xml version="1.0" encoding="UTF-8"?>
<!DOCTYPE plist PUBLIC "-//Apple//DTD PLIST 1.0//EN" "http://www.apple.com/DTDs/PropertyList-1.0.dtd">
<plist version="1.0">
<dict>
	<key>archiveVersion</key>
	<string>1</string>
	<key>classes</key>
	<dict/>
	<key>objectVersion</key>
	<string>46</string>
	<key>objects</key>
	<dict>
		<key>0C5CABE39D4649BF84D5A610</key>
		<dict>
			<key>explicitFileType</key>
			<string>archive.ar</string>
			<key>includeInIndex</key>
			<string>0</string>
			<key>isa</key>
			<string>PBXFileReference</string>
			<key>name</key>
			<string>libPods.a</string>
			<key>path</key>
			<string>libPods.a</string>
			<key>sourceTree</key>
			<string>BUILT_PRODUCTS_DIR</string>
		</dict>
		<key>61DA3C251D9342069FD6B0E7</key>
		<dict>
			<key>buildActionMask</key>
			<string>2147483647</string>
			<key>files</key>
			<array/>
			<key>inputPaths</key>
			<array/>
			<key>isa</key>
			<string>PBXShellScriptBuildPhase</string>
			<key>name</key>
			<string>Check Pods Manifest.lock</string>
			<key>outputPaths</key>
			<array/>
			<key>runOnlyForDeploymentPostprocessing</key>
			<string>0</string>
			<key>shellPath</key>
			<string>/bin/sh</string>
			<key>shellScript</key>
			<string>diff "${PODS_ROOT}/../Podfile.lock" "${PODS_ROOT}/Manifest.lock" &gt; /dev/null
if [[ $? != 0 ]] ; then
    cat &lt;&lt; EOM
error: The sanbox is not in sync with the Podfile.lock. Run 'pod install'.
EOM
    exit 1
fi
</string>
			<key>showEnvVarsInLog</key>
			<string>1</string>
		</dict>
		<key>A4E7798FCA354077ADF56EEB</key>
		<dict>
			<key>buildActionMask</key>
			<string>2147483647</string>
			<key>files</key>
			<array/>
			<key>inputPaths</key>
			<array/>
			<key>isa</key>
			<string>PBXShellScriptBuildPhase</string>
			<key>name</key>
			<string>Copy Pods Resources</string>
			<key>outputPaths</key>
			<array/>
			<key>runOnlyForDeploymentPostprocessing</key>
			<string>0</string>
			<key>shellPath</key>
			<string>/bin/sh</string>
			<key>shellScript</key>
			<string>"${SRCROOT}/Pods/Pods-resources.sh"
</string>
			<key>showEnvVarsInLog</key>
			<string>1</string>
		</dict>
		<key>BADB5581904641FA88038DDD</key>
		<dict>
			<key>fileRef</key>
			<string>0C5CABE39D4649BF84D5A610</string>
			<key>isa</key>
			<string>PBXBuildFile</string>
			<key>settings</key>
			<dict/>
		</dict>
		<key>BC8540EEC8EE4111873F3C74</key>
		<dict>
			<key>includeInIndex</key>
			<string>1</string>
			<key>isa</key>
			<string>PBXFileReference</string>
			<key>lastKnownFileType</key>
			<string>text.xcconfig</string>
			<key>name</key>
			<string>Pods.xcconfig</string>
			<key>path</key>
			<string>Pods/Pods.xcconfig</string>
			<key>sourceTree</key>
			<string>SOURCE_ROOT</string>
		</dict>
		<key>FF2A69DE172D31DE005A1A21</key>
		<dict>
			<key>children</key>
			<array>
				<string>FF2A69F0172D31DE005A1A21</string>
				<string>FF2A69E9172D31DE005A1A21</string>
				<string>FF2A69E8172D31DE005A1A21</string>
				<string>BC8540EEC8EE4111873F3C74</string>
			</array>
			<key>isa</key>
			<string>PBXGroup</string>
			<key>sourceTree</key>
			<string>&lt;group&gt;</string>
		</dict>
		<key>FF2A69DF172D31DE005A1A21</key>
		<dict>
			<key>attributes</key>
			<dict>
				<key>CLASSPREFIX</key>
				<string>DFS</string>
				<key>ORGANIZATIONNAME</key>
				<string>Radius</string>
			</dict>
			<key>buildConfigurationList</key>
			<string>FF2A69E2172D31DE005A1A21</string>
			<key>compatibilityVersion</key>
			<string>Xcode 3.2</string>
			<key>developmentRegion</key>
			<string>English</string>
			<key>hasScannedForEncodings</key>
			<string>0</string>
			<key>isa</key>
			<string>PBXProject</string>
			<key>knownRegions</key>
			<array>
				<string>en</string>
			</array>
			<key>mainGroup</key>
			<string>FF2A69DE172D31DE005A1A21</string>
			<key>productRefGroup</key>
			<string>FF2A69E8172D31DE005A1A21</string>
			<key>projectDirPath</key>
			<string></string>
			<key>projectReferences</key>
			<array/>
			<key>projectRoot</key>
			<string></string>
			<key>targets</key>
			<array>
				<string>FF2A69E6172D31DE005A1A21</string>
			</array>
		</dict>
		<key>FF2A69E2172D31DE005A1A21</key>
		<dict>
			<key>buildConfigurations</key>
			<array>
				<string>FF2A6A02172D31DE005A1A21</string>
				<string>FF2A6A03172D31DE005A1A21</string>
			</array>
			<key>defaultConfigurationIsVisible</key>
			<string>0</string>
			<key>defaultConfigurationName</key>
			<string>Release</string>
			<key>isa</key>
			<string>XCConfigurationList</string>
		</dict>
		<key>FF2A69E3172D31DE005A1A21</key>
		<dict>
			<key>buildActionMask</key>
			<string>2147483647</string>
			<key>files</key>
			<array>
				<string>FF2A69F7172D31DE005A1A21</string>
				<string>FF2A69FB172D31DE005A1A21</string>
			</array>
			<key>isa</key>
			<string>PBXSourcesBuildPhase</string>
			<key>runOnlyForDeploymentPostprocessing</key>
			<string>0</string>
		</dict>
		<key>FF2A69E4172D31DE005A1A21</key>
		<dict>
			<key>buildActionMask</key>
			<string>2147483647</string>
			<key>files</key>
			<array>
				<string>FF2A69EB172D31DE005A1A21</string>
				<string>FF2A69ED172D31DE005A1A21</string>
				<string>FF2A69EF172D31DE005A1A21</string>
				<string>BADB5581904641FA88038DDD</string>
			</array>
			<key>isa</key>
			<string>PBXFrameworksBuildPhase</string>
			<key>runOnlyForDeploymentPostprocessing</key>
			<string>0</string>
		</dict>
		<key>FF2A69E5172D31DE005A1A21</key>
		<dict>
			<key>buildActionMask</key>
			<string>2147483647</string>
			<key>files</key>
			<array>
				<string>FF2A69F5172D31DE005A1A21</string>
				<string>FF2A69FD172D31DE005A1A21</string>
				<string>FF2A69FF172D31DE005A1A21</string>
				<string>FF2A6A01172D31DE005A1A21</string>
			</array>
			<key>isa</key>
			<string>PBXResourcesBuildPhase</string>
			<key>runOnlyForDeploymentPostprocessing</key>
			<string>0</string>
		</dict>
		<key>FF2A69E6172D31DE005A1A21</key>
		<dict>
			<key>buildConfigurationList</key>
			<string>FF2A6A04172D31DE005A1A21</string>
			<key>buildPhases</key>
			<array>
				<string>61DA3C251D9342069FD6B0E7</string>
				<string>FF2A69E3172D31DE005A1A21</string>
				<string>FF2A69E4172D31DE005A1A21</string>
				<string>FF2A69E5172D31DE005A1A21</string>
				<string>A4E7798FCA354077ADF56EEB</string>
			</array>
			<key>buildRules</key>
			<array/>
			<key>dependencies</key>
			<array/>
			<key>isa</key>
			<string>PBXNativeTarget</string>
			<key>name</key>
			<string>DayFlow-Sample</string>
			<key>productName</key>
			<string>DayFlow-Sample</string>
			<key>productReference</key>
			<string>FF2A69E7172D31DE005A1A21</string>
			<key>productType</key>
			<string>com.apple.product-type.application</string>
		</dict>
		<key>FF2A69E7172D31DE005A1A21</key>
		<dict>
			<key>explicitFileType</key>
			<string>wrapper.application</string>
			<key>includeInIndex</key>
			<string>0</string>
			<key>isa</key>
			<string>PBXFileReference</string>
			<key>path</key>
			<string>DayFlow-Sample.app</string>
			<key>sourceTree</key>
			<string>BUILT_PRODUCTS_DIR</string>
		</dict>
		<key>FF2A69E8172D31DE005A1A21</key>
		<dict>
			<key>children</key>
			<array>
				<string>FF2A69E7172D31DE005A1A21</string>
			</array>
			<key>isa</key>
			<string>PBXGroup</string>
			<key>name</key>
			<string>Products</string>
			<key>sourceTree</key>
			<string>&lt;group&gt;</string>
		</dict>
		<key>FF2A69E9172D31DE005A1A21</key>
		<dict>
			<key>children</key>
			<array>
				<string>FF2A69EA172D31DE005A1A21</string>
				<string>FF2A69EC172D31DE005A1A21</string>
				<string>FF2A69EE172D31DE005A1A21</string>
				<string>0C5CABE39D4649BF84D5A610</string>
			</array>
			<key>isa</key>
			<string>PBXGroup</string>
			<key>name</key>
			<string>Frameworks</string>
			<key>sourceTree</key>
			<string>&lt;group&gt;</string>
		</dict>
		<key>FF2A69EA172D31DE005A1A21</key>
		<dict>
			<key>isa</key>
			<string>PBXFileReference</string>
			<key>lastKnownFileType</key>
			<string>wrapper.framework</string>
			<key>name</key>
			<string>UIKit.framework</string>
			<key>path</key>
			<string>System/Library/Frameworks/UIKit.framework</string>
			<key>sourceTree</key>
			<string>SDKROOT</string>
		</dict>
		<key>FF2A69EB172D31DE005A1A21</key>
		<dict>
			<key>fileRef</key>
			<string>FF2A69EA172D31DE005A1A21</string>
			<key>isa</key>
			<string>PBXBuildFile</string>
		</dict>
		<key>FF2A69EC172D31DE005A1A21</key>
		<dict>
			<key>isa</key>
			<string>PBXFileReference</string>
			<key>lastKnownFileType</key>
			<string>wrapper.framework</string>
			<key>name</key>
			<string>Foundation.framework</string>
			<key>path</key>
			<string>System/Library/Frameworks/Foundation.framework</string>
			<key>sourceTree</key>
			<string>SDKROOT</string>
		</dict>
		<key>FF2A69ED172D31DE005A1A21</key>
		<dict>
			<key>fileRef</key>
			<string>FF2A69EC172D31DE005A1A21</string>
			<key>isa</key>
			<string>PBXBuildFile</string>
		</dict>
		<key>FF2A69EE172D31DE005A1A21</key>
		<dict>
			<key>isa</key>
			<string>PBXFileReference</string>
			<key>lastKnownFileType</key>
			<string>wrapper.framework</string>
			<key>name</key>
			<string>CoreGraphics.framework</string>
			<key>path</key>
			<string>System/Library/Frameworks/CoreGraphics.framework</string>
			<key>sourceTree</key>
			<string>SDKROOT</string>
		</dict>
		<key>FF2A69EF172D31DE005A1A21</key>
		<dict>
			<key>fileRef</key>
			<string>FF2A69EE172D31DE005A1A21</string>
			<key>isa</key>
			<string>PBXBuildFile</string>
		</dict>
		<key>FF2A69F0172D31DE005A1A21</key>
		<dict>
			<key>children</key>
			<array>
				<string>FF2A69F9172D31DE005A1A21</string>
				<string>FF2A69FA172D31DE005A1A21</string>
				<string>FF2A69F1172D31DE005A1A21</string>
			</array>
			<key>isa</key>
			<string>PBXGroup</string>
			<key>path</key>
			<string>DayFlow-Sample</string>
			<key>sourceTree</key>
			<string>&lt;group&gt;</string>
		</dict>
		<key>FF2A69F1172D31DE005A1A21</key>
		<dict>
			<key>children</key>
			<array>
				<string>FF2A69F2172D31DE005A1A21</string>
				<string>FF2A69F3172D31DE005A1A21</string>
				<string>FF2A69F6172D31DE005A1A21</string>
				<string>FF2A69F8172D31DE005A1A21</string>
				<string>FF2A69FC172D31DE005A1A21</string>
				<string>FF2A69FE172D31DE005A1A21</string>
				<string>FF2A6A00172D31DE005A1A21</string>
			</array>
			<key>isa</key>
			<string>PBXGroup</string>
			<key>name</key>
			<string>Supporting Files</string>
			<key>sourceTree</key>
			<string>&lt;group&gt;</string>
		</dict>
		<key>FF2A69F2172D31DE005A1A21</key>
		<dict>
			<key>isa</key>
			<string>PBXFileReference</string>
			<key>lastKnownFileType</key>
			<string>text.plist.xml</string>
			<key>path</key>
			<string>DayFlow-Sample-Info.plist</string>
			<key>sourceTree</key>
			<string>&lt;group&gt;</string>
		</dict>
		<key>FF2A69F3172D31DE005A1A21</key>
		<dict>
			<key>children</key>
			<array>
				<string>FF2A69F4172D31DE005A1A21</string>
			</array>
			<key>isa</key>
			<string>PBXVariantGroup</string>
			<key>name</key>
			<string>InfoPlist.strings</string>
			<key>sourceTree</key>
			<string>&lt;group&gt;</string>
		</dict>
		<key>FF2A69F4172D31DE005A1A21</key>
		<dict>
			<key>isa</key>
			<string>PBXFileReference</string>
			<key>lastKnownFileType</key>
			<string>text.plist.strings</string>
			<key>name</key>
			<string>en</string>
			<key>path</key>
			<string>en.lproj/InfoPlist.strings</string>
			<key>sourceTree</key>
			<string>&lt;group&gt;</string>
		</dict>
		<key>FF2A69F5172D31DE005A1A21</key>
		<dict>
			<key>fileRef</key>
			<string>FF2A69F3172D31DE005A1A21</string>
			<key>isa</key>
			<string>PBXBuildFile</string>
		</dict>
		<key>FF2A69F6172D31DE005A1A21</key>
		<dict>
			<key>isa</key>
			<string>PBXFileReference</string>
			<key>lastKnownFileType</key>
			<string>sourcecode.c.objc</string>
			<key>path</key>
			<string>main.m</string>
			<key>sourceTree</key>
			<string>&lt;group&gt;</string>
		</dict>
		<key>FF2A69F7172D31DE005A1A21</key>
		<dict>
			<key>fileRef</key>
			<string>FF2A69F6172D31DE005A1A21</string>
			<key>isa</key>
			<string>PBXBuildFile</string>
		</dict>
		<key>FF2A69F8172D31DE005A1A21</key>
		<dict>
			<key>isa</key>
			<string>PBXFileReference</string>
			<key>lastKnownFileType</key>
			<string>sourcecode.c.h</string>
			<key>path</key>
			<string>DayFlow-Sample-Prefix.pch</string>
			<key>sourceTree</key>
			<string>&lt;group&gt;</string>
		</dict>
		<key>FF2A69F9172D31DE005A1A21</key>
		<dict>
			<key>isa</key>
			<string>PBXFileReference</string>
			<key>lastKnownFileType</key>
			<string>sourcecode.c.h</string>
			<key>path</key>
			<string>DFSAppDelegate.h</string>
			<key>sourceTree</key>
			<string>&lt;group&gt;</string>
		</dict>
		<key>FF2A69FA172D31DE005A1A21</key>
		<dict>
			<key>isa</key>
			<string>PBXFileReference</string>
			<key>lastKnownFileType</key>
			<string>sourcecode.c.objc</string>
			<key>path</key>
			<string>DFSAppDelegate.m</string>
			<key>sourceTree</key>
			<string>&lt;group&gt;</string>
		</dict>
		<key>FF2A69FB172D31DE005A1A21</key>
		<dict>
			<key>fileRef</key>
			<string>FF2A69FA172D31DE005A1A21</string>
			<key>isa</key>
			<string>PBXBuildFile</string>
		</dict>
		<key>FF2A69FC172D31DE005A1A21</key>
		<dict>
			<key>isa</key>
			<string>PBXFileReference</string>
			<key>lastKnownFileType</key>
			<string>image.png</string>
			<key>path</key>
			<string>Default.png</string>
			<key>sourceTree</key>
			<string>&lt;group&gt;</string>
		</dict>
		<key>FF2A69FD172D31DE005A1A21</key>
		<dict>
			<key>fileRef</key>
			<string>FF2A69FC172D31DE005A1A21</string>
			<key>isa</key>
			<string>PBXBuildFile</string>
		</dict>
		<key>FF2A69FE172D31DE005A1A21</key>
		<dict>
			<key>isa</key>
			<string>PBXFileReference</string>
			<key>lastKnownFileType</key>
			<string>image.png</string>
			<key>path</key>
			<string>Default@2x.png</string>
			<key>sourceTree</key>
			<string>&lt;group&gt;</string>
		</dict>
		<key>FF2A69FF172D31DE005A1A21</key>
		<dict>
			<key>fileRef</key>
			<string>FF2A69FE172D31DE005A1A21</string>
			<key>isa</key>
			<string>PBXBuildFile</string>
		</dict>
		<key>FF2A6A00172D31DE005A1A21</key>
		<dict>
			<key>isa</key>
			<string>PBXFileReference</string>
			<key>lastKnownFileType</key>
			<string>image.png</string>
			<key>path</key>
			<string>Default-568h@2x.png</string>
			<key>sourceTree</key>
			<string>&lt;group&gt;</string>
		</dict>
		<key>FF2A6A01172D31DE005A1A21</key>
		<dict>
			<key>fileRef</key>
			<string>FF2A6A00172D31DE005A1A21</string>
			<key>isa</key>
			<string>PBXBuildFile</string>
		</dict>
		<key>FF2A6A02172D31DE005A1A21</key>
		<dict>
			<key>buildSettings</key>
			<dict>
				<key>ALWAYS_SEARCH_USER_PATHS</key>
				<string>NO</string>
				<key>CLANG_CXX_LANGUAGE_STANDARD</key>
				<string>gnu++0x</string>
				<key>CLANG_CXX_LIBRARY</key>
				<string>libc++</string>
				<key>CLANG_ENABLE_OBJC_ARC</key>
				<string>YES</string>
				<key>CLANG_WARN_CONSTANT_CONVERSION</key>
				<string>YES</string>
				<key>CLANG_WARN_EMPTY_BODY</key>
				<string>YES</string>
				<key>CLANG_WARN_ENUM_CONVERSION</key>
				<string>YES</string>
				<key>CLANG_WARN_INT_CONVERSION</key>
				<string>YES</string>
				<key>CLANG_WARN__DUPLICATE_METHOD_MATCH</key>
				<string>YES</string>
				<key>CODE_SIGN_IDENTITY[sdk=iphoneos*]</key>
				<string>iPhone Developer</string>
				<key>COPY_PHASE_STRIP</key>
				<string>NO</string>
				<key>GCC_C_LANGUAGE_STANDARD</key>
				<string>gnu99</string>
				<key>GCC_DYNAMIC_NO_PIC</key>
				<string>NO</string>
				<key>GCC_OPTIMIZATION_LEVEL</key>
				<string>0</string>
				<key>GCC_PREPROCESSOR_DEFINITIONS</key>
				<array>
					<string>DEBUG=1</string>
					<string>$(inherited)</string>
				</array>
				<key>GCC_SYMBOLS_PRIVATE_EXTERN</key>
				<string>NO</string>
				<key>GCC_WARN_ABOUT_RETURN_TYPE</key>
				<string>YES</string>
				<key>GCC_WARN_UNINITIALIZED_AUTOS</key>
				<string>YES</string>
				<key>GCC_WARN_UNUSED_VARIABLE</key>
				<string>YES</string>
				<key>IPHONEOS_DEPLOYMENT_TARGET</key>
				<string>6.1</string>
				<key>ONLY_ACTIVE_ARCH</key>
				<string>YES</string>
				<key>SDKROOT</key>
				<string>iphoneos</string>
			</dict>
			<key>isa</key>
			<string>XCBuildConfiguration</string>
			<key>name</key>
			<string>Debug</string>
		</dict>
		<key>FF2A6A03172D31DE005A1A21</key>
		<dict>
			<key>buildSettings</key>
			<dict>
				<key>ALWAYS_SEARCH_USER_PATHS</key>
				<string>NO</string>
				<key>CLANG_CXX_LANGUAGE_STANDARD</key>
				<string>gnu++0x</string>
				<key>CLANG_CXX_LIBRARY</key>
				<string>libc++</string>
				<key>CLANG_ENABLE_OBJC_ARC</key>
				<string>YES</string>
				<key>CLANG_WARN_CONSTANT_CONVERSION</key>
				<string>YES</string>
				<key>CLANG_WARN_EMPTY_BODY</key>
				<string>YES</string>
				<key>CLANG_WARN_ENUM_CONVERSION</key>
				<string>YES</string>
				<key>CLANG_WARN_INT_CONVERSION</key>
				<string>YES</string>
				<key>CLANG_WARN__DUPLICATE_METHOD_MATCH</key>
				<string>YES</string>
				<key>CODE_SIGN_IDENTITY[sdk=iphoneos*]</key>
				<string>iPhone Developer</string>
				<key>COPY_PHASE_STRIP</key>
				<string>YES</string>
				<key>GCC_C_LANGUAGE_STANDARD</key>
				<string>gnu99</string>
				<key>GCC_WARN_ABOUT_RETURN_TYPE</key>
				<string>YES</string>
				<key>GCC_WARN_UNINITIALIZED_AUTOS</key>
				<string>YES</string>
				<key>GCC_WARN_UNUSED_VARIABLE</key>
				<string>YES</string>
				<key>IPHONEOS_DEPLOYMENT_TARGET</key>
				<string>6.1</string>
				<key>OTHER_CFLAGS</key>
				<string>-DNS_BLOCK_ASSERTIONS=1</string>
				<key>SDKROOT</key>
				<string>iphoneos</string>
				<key>VALIDATE_PRODUCT</key>
				<string>YES</string>
			</dict>
			<key>isa</key>
			<string>XCBuildConfiguration</string>
			<key>name</key>
			<string>Release</string>
		</dict>
		<key>FF2A6A04172D31DE005A1A21</key>
		<dict>
			<key>buildConfigurations</key>
			<array>
				<string>FF2A6A05172D31DE005A1A21</string>
				<string>FF2A6A06172D31DE005A1A21</string>
			</array>
			<key>defaultConfigurationIsVisible</key>
			<string>0</string>
			<key>isa</key>
			<string>XCConfigurationList</string>
		</dict>
		<key>FF2A6A05172D31DE005A1A21</key>
		<dict>
			<key>baseConfigurationReference</key>
			<string>BC8540EEC8EE4111873F3C74</string>
			<key>buildSettings</key>
			<dict>
				<key>GCC_PRECOMPILE_PREFIX_HEADER</key>
				<string>YES</string>
				<key>GCC_PREFIX_HEADER</key>
				<string>DayFlow-Sample/DayFlow-Sample-Prefix.pch</string>
				<key>INFOPLIST_FILE</key>
				<string>DayFlow-Sample/DayFlow-Sample-Info.plist</string>
				<key>PRODUCT_NAME</key>
				<string>$(TARGET_NAME)</string>
				<key>WRAPPER_EXTENSION</key>
				<string>app</string>
			</dict>
			<key>isa</key>
			<string>XCBuildConfiguration</string>
			<key>name</key>
			<string>Debug</string>
		</dict>
		<key>FF2A6A06172D31DE005A1A21</key>
		<dict>
			<key>baseConfigurationReference</key>
			<string>BC8540EEC8EE4111873F3C74</string>
			<key>buildSettings</key>
			<dict>
				<key>GCC_PRECOMPILE_PREFIX_HEADER</key>
				<string>YES</string>
				<key>GCC_PREFIX_HEADER</key>
				<string>DayFlow-Sample/DayFlow-Sample-Prefix.pch</string>
				<key>INFOPLIST_FILE</key>
				<string>DayFlow-Sample/DayFlow-Sample-Info.plist</string>
				<key>PRODUCT_NAME</key>
				<string>$(TARGET_NAME)</string>
				<key>WRAPPER_EXTENSION</key>
				<string>app</string>
			</dict>
			<key>isa</key>
			<string>XCBuildConfiguration</string>
			<key>name</key>
			<string>Release</string>
		</dict>
	</dict>
	<key>rootObject</key>
	<string>FF2A69DF172D31DE005A1A21</string>
</dict>
</plist>
